<?xml version="1.0" encoding="utf-8"?>
<Project ToolsVersion="4.0" xmlns="http://schemas.microsoft.com/developer/msbuild/2003">
  <ItemGroup>
    <Filter Include="Source Files">
      <UniqueIdentifier>{4FC737F1-C7A5-4376-A066-2A32D752A2FF}</UniqueIdentifier>
      <Extensions>cpp;c;cc;cxx;c++;cppm;ixx;def;odl;idl;hpj;bat;asm;asmx</Extensions>
    </Filter>
    <Filter Include="Header Files">
      <UniqueIdentifier>{93995380-89BD-4b04-88EB-625FBE52EBFB}</UniqueIdentifier>
      <Extensions>h;hh;hpp;hxx;h++;hm;inl;inc;ipp;xsd</Extensions>
    </Filter>
    <Filter Include="Resource Files">
      <UniqueIdentifier>{67DA6AB6-F800-4c08-8B7A-83BB121AAD01}</UniqueIdentifier>
      <Extensions>rc;ico;cur;bmp;dlg;rc2;rct;bin;rgs;gif;jpg;jpeg;jpe;resx;tiff;tif;png;wav;mfcribbon-ms</Extensions>
    </Filter>
  </ItemGroup>
  <ItemGroup>
    <ClCompile Include="Main.cpp">
      <Filter>Source Files</Filter>
    </ClCompile>
    <ClCompile Include="stb_image.cpp">
      <Filter>Source Files</Filter>
    </ClCompile>
    <ClCompile Include="..\..\CMake\Opengl\glad.c">
      <Filter>Source Files</Filter>
    </ClCompile>
  </ItemGroup>
  <ItemGroup>
    <Text Include="commented_out_parts.txt">
      <Filter>Source Files</Filter>
    </Text>
  </ItemGroup>
  <ItemGroup>
    <Image Include="Resources\brickwall.jpg">
      <Filter>Resource Files</Filter>
    </Image>
    <Image Include="Resources\door2.jpg">
      <Filter>Resource Files</Filter>
    </Image>
    <Image Include="Resources\grass.jpg">
      <Filter>Resource Files</Filter>
    </Image>
    <Image Include="Resources\lose.jpg">
      <Filter>Resource Files</Filter>
    </Image>
    <Image Include="Resources\lose2.png">
      <Filter>Resource Files</Filter>
    </Image>
    <Image Include="Resources\mosque_wall.jpg">
      <Filter>Resource Files</Filter>
    </Image>
    <Image Include="Resources\no_exit.jpg">
      <Filter>Resource Files</Filter>
    </Image>
    <Image Include="Resources\palestine.jpg">
      <Filter>Resource Files</Filter>
    </Image>
    <Image Include="Resources\startlogo.png">
      <Filter>Resource Files</Filter>
    </Image>
    <Image Include="Resources\whitewall2.jpg">
      <Filter>Resource Files</Filter>
    </Image>
    <Image Include="Resources\win.jpg">
      <Filter>Resource Files</Filter>
    </Image>
    <Image Include="Resources\windows.jpg">
      <Filter>Resource Files</Filter>
    </Image>
    <Image Include="Resources\woodCypress.jpg">
      <Filter>Resource Files</Filter>
    </Image>
    <Image Include="Resources\woodenDooOr.jpg">
      <Filter>Resource Files</Filter>
    </Image>
    <Image Include="Resources\woodenDoor.jpg">
      <Filter>Resource Files</Filter>
    </Image>
    <Image Include="Resources\woodenSurface.jpg">
      <Filter>Resource Files</Filter>
    </Image>
  </ItemGroup>
  <ItemGroup>
    <None Include="Shaders\fsSrcBoth.fs">
      <Filter>Source Files</Filter>
    </None>
    <None Include="Shaders\fsSrcCurves.fs">
      <Filter>Source Files</Filter>
    </None>
    <None Include="Shaders\fsSrcMatProp.fs">
      <Filter>Source Files</Filter>
    </None>
    <None Include="Shaders\fsSrcPrimary.fs">
      <Filter>Source Files</Filter>
    </None>
    <None Include="Shaders\fsSrcTex.fs">
      <Filter>Source Files</Filter>
    </None>
    <None Include="Shaders\lightCube.fs">
      <Filter>Source Files</Filter>
    </None>
    <None Include="Shaders\lightCube.vs">
      <Filter>Source Files</Filter>
    </None>
    <None Include="Shaders\text_2d.fs">
      <Filter>Source Files</Filter>
    </None>
    <None Include="Shaders\text_2d.vs">
      <Filter>Source Files</Filter>
    </None>
    <None Include="Shaders\vsSrc.vs">
      <Filter>Source Files</Filter>
    </None>
    <None Include="Shaders\vsSrcCurves.vs">
      <Filter>Source Files</Filter>
    </None>
    <None Include="Shaders\vsSrcPrimary.vs">
      <Filter>Source Files</Filter>
    </None>
  </ItemGroup>
  <ItemGroup>
    <ClInclude Include="Headers\Camera.h">
      <Filter>Header Files</Filter>
    </ClInclude>
    <ClInclude Include="Headers\Character.h">
      <Filter>Header Files</Filter>
    </ClInclude>
    <ClInclude Include="Headers\CollectorItems.h">
      <Filter>Header Files</Filter>
    </ClInclude>
    <ClInclude Include="Headers\Components.h">
      <Filter>Header Files</Filter>
    </ClInclude>
    <ClInclude Include="Headers\Cube.h">
      <Filter>Header Files</Filter>
    </ClInclude>
    <ClInclude Include="Headers\Curves.h">
      <Filter>Header Files</Filter>
    </ClInclude>
    <ClInclude Include="Headers\Cylinder.h">
      <Filter>Header Files</Filter>
    </ClInclude>
    <ClInclude Include="Headers\Shader.h">
      <Filter>Header Files</Filter>
    </ClInclude>
    <ClInclude Include="Headers\Sphere.h">
      <Filter>Header Files</Filter>
    </ClInclude>
    <ClInclude Include="Headers\Text.h">
      <Filter>Header Files</Filter>
    </ClInclude>
    <ClInclude Include="Headers\World.h">
      <Filter>Header Files</Filter>
    </ClInclude>
  </ItemGroup>
</Project>